
Microsoft Visual Studio Solution File, Format Version 12.00
# Visual Studio 2012
Project("{2150E333-8FDC-42A3-9474-1A3956D46DE8}") = "Controller", "Controller", "{6F0B437B-A4E4-4991-B761-B79532D1EB14}"
EndProject
Project("{2150E333-8FDC-42A3-9474-1A3956D46DE8}") = "Model", "Model", "{52BE15DB-5CA2-4446-8EAE-F1D249B1E327}"
EndProject
Project("{2150E333-8FDC-42A3-9474-1A3956D46DE8}") = "Test", "Test", "{D67C7674-6423-4B5B-8D2E-8BFFB18D04E7}"
EndProject
Project("{FAE04EC0-301F-11D3-BF4B-00C04F79EFBC}") = "TestOnTheFlyService", "TestOnTheFlyService\TestOnTheFlyService.csproj", "{95299AFF-B28F-46F6-BC6F-B8177C533044}"
EndProject
Project("{FAE04EC0-301F-11D3-BF4B-00C04F79EFBC}") = "FlyEngine", "FlyEngine\FlyEngine.csproj", "{7DC6D269-BAAD-4C9C-8A66-00DB25E6D7DE}"
EndProject
Project("{FAE04EC0-301F-11D3-BF4B-00C04F79EFBC}") = "Utils", "Utils\Utils.csproj", "{94CD8E82-E1FB-4DE2-951B-1F7580D69CF7}"
EndProject
Project("{2150E333-8FDC-42A3-9474-1A3956D46DE8}") = "View", "View", "{F7529FFC-9615-4C04-9D73-4D382A56E1EC}"
EndProject
Project("{FAE04EC0-301F-11D3-BF4B-00C04F79EFBC}") = "FlyMapping", "FlyMapping\FlyMapping.csproj", "{79FCF649-9986-4EE9-8779-2BFAB11F0E95}"
EndProject
Project("{FAE04EC0-301F-11D3-BF4B-00C04F79EFBC}") = "FlyController", "FlyController\FlyController.csproj", "{A893DF2F-C0B9-4742-A8A3-2B97962FF8F8}"
EndProject
Project("{FAE04EC0-301F-11D3-BF4B-00C04F79EFBC}") = "OnTheFly", "OnTheFly\OnTheFly.csproj", "{75D94AB4-8FB5-4F4E-8B1E-20A14E2D5AC7}"
EndProject
Project("{FAE04EC0-301F-11D3-BF4B-00C04F79EFBC}") = "SOAPSdmx", "SOAPSdmx\SOAPSdmx.csproj", "{94B6669A-E374-4CCB-AB3C-5DFE87E73679}"
EndProject
Project("{FAE04EC0-301F-11D3-BF4B-00C04F79EFBC}") = "RESTSdmx", "RESTSdmx\RESTSdmx.csproj", "{A89148A6-F08D-4D9F-B478-39D1D2EED4EF}"
EndProject
Project("{FAE04EC0-301F-11D3-BF4B-00C04F79EFBC}") = "FlyLog", "FlyLog\FlyLog.csproj", "{FB9E70CA-391D-4BCC-8B78-527CF89BBBA8}"
EndProject
Project("{FAE04EC0-301F-11D3-BF4B-00C04F79EFBC}") = "FlyCallWS", "FlyCallWS\FlyCallWS.csproj", "{FA8E977A-CB4F-4CF9-85AE-B3BAEA7FD66E}"
EndProject
Project("{FAE04EC0-301F-11D3-BF4B-00C04F79EFBC}") = "FlySetup", "FlySetup\FlySetup.csproj", "{8EAE0BD9-511C-4E86-8673-B53BA9EFA380}"
EndProject
Project("{FAE04EC0-301F-11D3-BF4B-00C04F79EFBC}") = "FlyDotStat_implementation", "FlyDotStat_implementation\FlyDotStat_implementation.csproj", "{18B7D7FB-B5C0-48F1-A6D9-EC2432BED1DE}"
EndProject
Project("{FAE04EC0-301F-11D3-BF4B-00C04F79EFBC}") = "FlySDDSLoader_implementation", "FlySDDSLoader_implementation\FlySDDSLoader_implementation.csproj", "{C708CB22-C3F3-4100-9C7A-68A6C1582630}"
EndProject
Project("{2150E333-8FDC-42A3-9474-1A3956D46DE8}") = "Implementation", "Implementation", "{E2F84097-85DE-496F-BFAF-287AE98E6975}"
EndProject
Project("{FAE04EC0-301F-11D3-BF4B-00C04F79EFBC}") = "FlyRedirectToRI_implementation", "FlyRedirectToRI_implementation\FlyRedirectToRI_implementation.csproj", "{51BA9260-B1D7-4146-B8CD-78F0C04B279A}"
EndProject
Project("{FAE04EC0-301F-11D3-BF4B-00C04F79EFBC}") = "FlyDotStatExtra_implementation", "FlyDotStatExtra_implementation\FlyDotStatExtra_implementation.csproj", "{31FE3C62-D46A-477C-B6BB-FC7D5A9B34EF}"
EndProject
Project("{2150E333-8FDC-42A3-9474-1A3956D46DE8}") = "FlyProvider", "FlyProvider", "{FA9D024A-0521-419C-A52E-2E87FAB9191D}"
EndProject
Project("{FAE04EC0-301F-11D3-BF4B-00C04F79EFBC}") = "DSPLProvider", "FlyProvider\DSPLProvider\DSPLProvider.csproj", "{6E91F287-E02B-4D73-A24F-02FEF54BFDD4}"
EndProject
Project("{FAE04EC0-301F-11D3-BF4B-00C04F79EFBC}") = "JsonProvider", "FlyProvider\JsonProvider\JsonProvider.csproj", "{4D6696A0-7933-4835-8C55-8A177EF53ED3}"
EndProject
Project("{FAE04EC0-301F-11D3-BF4B-00C04F79EFBC}") = "RDFProvider", "FlyProvider\RDFProvider\RDFProvider.csproj", "{04639A9B-C7D0-4FCF-BC4B-3EDB68B786C2}"
EndProject
Global
	GlobalSection(TeamFoundationVersionControl) = preSolution
		SccNumberOfProjects = 19
		SccEnterpriseProvider = {4CA58AB2-18FA-4F8D-95D4-32DDF27D184C}
		SccTeamFoundationServer = http://tfs:8080/tfs/dev
		SccLocalPath0 = .
		SccProjectUniqueName1 = TestOnTheFlyService\\TestOnTheFlyService.csproj
		SccProjectTopLevelParentUniqueName1 = OnTheFlyWebServices.sln
		SccProjectName1 = TestOnTheFlyService
		SccLocalPath1 = TestOnTheFlyService
		SccProjectUniqueName2 = Utils\\Utils.csproj
		SccProjectTopLevelParentUniqueName2 = OnTheFlyWebServices.sln
		SccProjectName2 = Utils
		SccLocalPath2 = Utils
		SccProjectUniqueName3 = FlyMapping\\FlyMapping.csproj
		SccProjectTopLevelParentUniqueName3 = OnTheFlyWebServices.sln
		SccProjectName3 = FlyMapping
		SccLocalPath3 = FlyMapping
		SccProjectUniqueName4 = FlyController\\FlyController.csproj
		SccProjectTopLevelParentUniqueName4 = OnTheFlyWebServices.sln
		SccProjectName4 = FlyController
		SccLocalPath4 = FlyController
		SccProjectUniqueName5 = FlyEngine\\FlyEngine.csproj
		SccProjectTopLevelParentUniqueName5 = OnTheFlyWebServices.sln
		SccProjectName5 = FlyEngine
		SccLocalPath5 = FlyEngine
		SccProjectUniqueName6 = OnTheFly\\OnTheFly.csproj
		SccProjectTopLevelParentUniqueName6 = OnTheFlyWebServices.sln
		SccProjectName6 = OnTheFly
		SccLocalPath6 = OnTheFly
		SccProjectUniqueName7 = SOAPSdmx\\SOAPSdmx.csproj
		SccProjectTopLevelParentUniqueName7 = OnTheFlyWebServices.sln
		SccProjectName7 = SOAPSdmx
		SccLocalPath7 = SOAPSdmx
		SccProjectUniqueName8 = RESTSdmx\\RESTSdmx.csproj
		SccProjectTopLevelParentUniqueName8 = OnTheFlyWebServices.sln
		SccProjectName8 = RESTSdmx
		SccLocalPath8 = RESTSdmx
		SccProjectUniqueName9 = FlyLog\\FlyLog.csproj
		SccProjectTopLevelParentUniqueName9 = OnTheFlyWebServices.sln
		SccProjectName9 = FlyLog
		SccLocalPath9 = FlyLog
		SccProjectUniqueName10 = FlyCallWS\\FlyCallWS.csproj
		SccProjectTopLevelParentUniqueName10 = OnTheFlyWebServices.sln
		SccProjectName10 = FlyCallWS
		SccLocalPath10 = FlyCallWS
		SccProjectUniqueName11 = FlySetup\\FlySetup.csproj
		SccProjectTopLevelParentUniqueName11 = OnTheFlyWebServices.sln
		SccProjectName11 = FlySetup
		SccLocalPath11 = FlySetup
		SccProjectUniqueName12 = FlyDotStat_implementation\\FlyDotStat_implementation.csproj
		SccProjectTopLevelParentUniqueName12 = OnTheFlyWebServices.sln
		SccProjectName12 = FlyDotStat_implementation
		SccLocalPath12 = FlyDotStat_implementation
		SccProjectUniqueName13 = FlySDDSLoader_implementation\\FlySDDSLoader_implementation.csproj
		SccProjectTopLevelParentUniqueName13 = OnTheFlyWebServices.sln
		SccProjectName13 = FlySDDSLoader_implementation
		SccLocalPath13 = FlySDDSLoader_implementation
		SccProjectUniqueName14 = FlyRedirectToRI_implementation\\FlyRedirectToRI_implementation.csproj
		SccProjectTopLevelParentUniqueName14 = OnTheFlyWebServices.sln
		SccProjectName14 = FlyRedirectToRI_implementation
		SccLocalPath14 = FlyRedirectToRI_implementation
		SccProjectUniqueName15 = FlyDotStatExtra_implementation\\FlyDotStatExtra_implementation.csproj
		SccProjectTopLevelParentUniqueName15 = OnTheFlyWebServices.sln
		SccProjectName15 = FlyDotStatExtra_implementation
		SccLocalPath15 = FlyDotStatExtra_implementation
		SccProjectUniqueName16 = FlyProvider\\DSPLProvider\\DSPLProvider.csproj
		SccProjectTopLevelParentUniqueName16 = OnTheFlyWebServices.sln
		SccProjectName16 = FlyProvider/DSPLProvider
		SccLocalPath16 = FlyProvider\\DSPLProvider
		SccProjectUniqueName17 = FlyProvider\\JsonProvider\\JsonProvider.csproj
		SccProjectTopLevelParentUniqueName17 = OnTheFlyWebServices.sln
		SccProjectName17 = FlyProvider/JsonProvider
		SccLocalPath17 = FlyProvider\\JsonProvider
		SccProjectUniqueName18 = FlyProvider\\RDFProvider\\RDFProvider.csproj
		SccProjectTopLevelParentUniqueName18 = OnTheFlyWebServices.sln
		SccProjectName18 = FlyProvider/RDFProvider
		SccLocalPath18 = FlyProvider\\RDFProvider
	EndGlobalSection
	GlobalSection(SolutionConfigurationPlatforms) = preSolution
		CD_ROM|Any CPU = CD_ROM|Any CPU
		CD_ROM|Mixed Platforms = CD_ROM|Mixed Platforms
		CD_ROM|x86 = CD_ROM|x86
		Debug|Any CPU = Debug|Any CPU
		Debug|Mixed Platforms = Debug|Mixed Platforms
		Debug|x86 = Debug|x86
		DVD-5|Any CPU = DVD-5|Any CPU
		DVD-5|Mixed Platforms = DVD-5|Mixed Platforms
		DVD-5|x86 = DVD-5|x86
		Release|Any CPU = Release|Any CPU
		Release|Mixed Platforms = Release|Mixed Platforms
		Release|x86 = Release|x86
		SingleImage|Any CPU = SingleImage|Any CPU
		SingleImage|Mixed Platforms = SingleImage|Mixed Platforms
		SingleImage|x86 = SingleImage|x86
	EndGlobalSection
	GlobalSection(ProjectConfigurationPlatforms) = postSolution
		{95299AFF-B28F-46F6-BC6F-B8177C533044}.CD_ROM|Any CPU.ActiveCfg = Release|Any CPU
		{95299AFF-B28F-46F6-BC6F-B8177C533044}.CD_ROM|Any CPU.Build.0 = Release|Any CPU
		{95299AFF-B28F-46F6-BC6F-B8177C533044}.CD_ROM|Mixed Platforms.ActiveCfg = Release|x86
		{95299AFF-B28F-46F6-BC6F-B8177C533044}.CD_ROM|Mixed Platforms.Build.0 = Release|x86
		{95299AFF-B28F-46F6-BC6F-B8177C533044}.CD_ROM|x86.ActiveCfg = Release|x86
		{95299AFF-B28F-46F6-BC6F-B8177C533044}.CD_ROM|x86.Build.0 = Release|x86
		{95299AFF-B28F-46F6-BC6F-B8177C533044}.Debug|Any CPU.ActiveCfg = Debug|Any CPU
		{95299AFF-B28F-46F6-BC6F-B8177C533044}.Debug|Any CPU.Build.0 = Debug|Any CPU
		{95299AFF-B28F-46F6-BC6F-B8177C533044}.Debug|Mixed Platforms.ActiveCfg = Debug|x86
		{95299AFF-B28F-46F6-BC6F-B8177C533044}.Debug|Mixed Platforms.Build.0 = Debug|x86
		{95299AFF-B28F-46F6-BC6F-B8177C533044}.Debug|x86.ActiveCfg = Debug|x86
		{95299AFF-B28F-46F6-BC6F-B8177C533044}.Debug|x86.Build.0 = Debug|x86
		{95299AFF-B28F-46F6-BC6F-B8177C533044}.DVD-5|Any CPU.ActiveCfg = Debug|Any CPU
		{95299AFF-B28F-46F6-BC6F-B8177C533044}.DVD-5|Any CPU.Build.0 = Debug|Any CPU
		{95299AFF-B28F-46F6-BC6F-B8177C533044}.DVD-5|Mixed Platforms.ActiveCfg = Debug|x86
		{95299AFF-B28F-46F6-BC6F-B8177C533044}.DVD-5|Mixed Platforms.Build.0 = Debug|x86
		{95299AFF-B28F-46F6-BC6F-B8177C533044}.DVD-5|x86.ActiveCfg = Debug|x86
		{95299AFF-B28F-46F6-BC6F-B8177C533044}.DVD-5|x86.Build.0 = Debug|x86
		{95299AFF-B28F-46F6-BC6F-B8177C533044}.Release|Any CPU.ActiveCfg = Release|Any CPU
		{95299AFF-B28F-46F6-BC6F-B8177C533044}.Release|Any CPU.Build.0 = Release|Any CPU
		{95299AFF-B28F-46F6-BC6F-B8177C533044}.Release|Mixed Platforms.ActiveCfg = Release|x86
		{95299AFF-B28F-46F6-BC6F-B8177C533044}.Release|Mixed Platforms.Build.0 = Release|x86
		{95299AFF-B28F-46F6-BC6F-B8177C533044}.Release|x86.ActiveCfg = Release|x86
		{95299AFF-B28F-46F6-BC6F-B8177C533044}.Release|x86.Build.0 = Release|x86
		{95299AFF-B28F-46F6-BC6F-B8177C533044}.SingleImage|Any CPU.ActiveCfg = Release|Any CPU
		{95299AFF-B28F-46F6-BC6F-B8177C533044}.SingleImage|Any CPU.Build.0 = Release|Any CPU
		{95299AFF-B28F-46F6-BC6F-B8177C533044}.SingleImage|Mixed Platforms.ActiveCfg = Release|x86
		{95299AFF-B28F-46F6-BC6F-B8177C533044}.SingleImage|Mixed Platforms.Build.0 = Release|x86
		{95299AFF-B28F-46F6-BC6F-B8177C533044}.SingleImage|x86.ActiveCfg = Release|x86
		{95299AFF-B28F-46F6-BC6F-B8177C533044}.SingleImage|x86.Build.0 = Release|x86
		{7DC6D269-BAAD-4C9C-8A66-00DB25E6D7DE}.CD_ROM|Any CPU.ActiveCfg = Release|Any CPU
		{7DC6D269-BAAD-4C9C-8A66-00DB25E6D7DE}.CD_ROM|Any CPU.Build.0 = Release|Any CPU
		{7DC6D269-BAAD-4C9C-8A66-00DB25E6D7DE}.CD_ROM|Mixed Platforms.ActiveCfg = Release|x86
		{7DC6D269-BAAD-4C9C-8A66-00DB25E6D7DE}.CD_ROM|Mixed Platforms.Build.0 = Release|x86
		{7DC6D269-BAAD-4C9C-8A66-00DB25E6D7DE}.CD_ROM|x86.ActiveCfg = Release|x86
		{7DC6D269-BAAD-4C9C-8A66-00DB25E6D7DE}.CD_ROM|x86.Build.0 = Release|x86
		{7DC6D269-BAAD-4C9C-8A66-00DB25E6D7DE}.Debug|Any CPU.ActiveCfg = Debug|Any CPU
		{7DC6D269-BAAD-4C9C-8A66-00DB25E6D7DE}.Debug|Any CPU.Build.0 = Debug|Any CPU
		{7DC6D269-BAAD-4C9C-8A66-00DB25E6D7DE}.Debug|Mixed Platforms.ActiveCfg = Debug|x86
		{7DC6D269-BAAD-4C9C-8A66-00DB25E6D7DE}.Debug|Mixed Platforms.Build.0 = Debug|x86
		{7DC6D269-BAAD-4C9C-8A66-00DB25E6D7DE}.Debug|x86.ActiveCfg = Debug|x86
		{7DC6D269-BAAD-4C9C-8A66-00DB25E6D7DE}.Debug|x86.Build.0 = Debug|x86
		{7DC6D269-BAAD-4C9C-8A66-00DB25E6D7DE}.DVD-5|Any CPU.ActiveCfg = Debug|Any CPU
		{7DC6D269-BAAD-4C9C-8A66-00DB25E6D7DE}.DVD-5|Any CPU.Build.0 = Debug|Any CPU
		{7DC6D269-BAAD-4C9C-8A66-00DB25E6D7DE}.DVD-5|Mixed Platforms.ActiveCfg = Debug|x86
		{7DC6D269-BAAD-4C9C-8A66-00DB25E6D7DE}.DVD-5|Mixed Platforms.Build.0 = Debug|x86
		{7DC6D269-BAAD-4C9C-8A66-00DB25E6D7DE}.DVD-5|x86.ActiveCfg = Debug|x86
		{7DC6D269-BAAD-4C9C-8A66-00DB25E6D7DE}.DVD-5|x86.Build.0 = Debug|x86
		{7DC6D269-BAAD-4C9C-8A66-00DB25E6D7DE}.Release|Any CPU.ActiveCfg = Release|Any CPU
		{7DC6D269-BAAD-4C9C-8A66-00DB25E6D7DE}.Release|Any CPU.Build.0 = Release|Any CPU
		{7DC6D269-BAAD-4C9C-8A66-00DB25E6D7DE}.Release|Mixed Platforms.ActiveCfg = Release|x86
		{7DC6D269-BAAD-4C9C-8A66-00DB25E6D7DE}.Release|Mixed Platforms.Build.0 = Release|x86
		{7DC6D269-BAAD-4C9C-8A66-00DB25E6D7DE}.Release|x86.ActiveCfg = Release|x86
		{7DC6D269-BAAD-4C9C-8A66-00DB25E6D7DE}.Release|x86.Build.0 = Release|x86
		{7DC6D269-BAAD-4C9C-8A66-00DB25E6D7DE}.SingleImage|Any CPU.ActiveCfg = Release|Any CPU
		{7DC6D269-BAAD-4C9C-8A66-00DB25E6D7DE}.SingleImage|Any CPU.Build.0 = Release|Any CPU
		{7DC6D269-BAAD-4C9C-8A66-00DB25E6D7DE}.SingleImage|Mixed Platforms.ActiveCfg = Release|x86
		{7DC6D269-BAAD-4C9C-8A66-00DB25E6D7DE}.SingleImage|Mixed Platforms.Build.0 = Release|x86
		{7DC6D269-BAAD-4C9C-8A66-00DB25E6D7DE}.SingleImage|x86.ActiveCfg = Release|x86
		{7DC6D269-BAAD-4C9C-8A66-00DB25E6D7DE}.SingleImage|x86.Build.0 = Release|x86
		{94CD8E82-E1FB-4DE2-951B-1F7580D69CF7}.CD_ROM|Any CPU.ActiveCfg = Release|Any CPU
		{94CD8E82-E1FB-4DE2-951B-1F7580D69CF7}.CD_ROM|Any CPU.Build.0 = Release|Any CPU
		{94CD8E82-E1FB-4DE2-951B-1F7580D69CF7}.CD_ROM|Mixed Platforms.ActiveCfg = Release|x86
		{94CD8E82-E1FB-4DE2-951B-1F7580D69CF7}.CD_ROM|Mixed Platforms.Build.0 = Release|x86
		{94CD8E82-E1FB-4DE2-951B-1F7580D69CF7}.CD_ROM|x86.ActiveCfg = Release|x86
		{94CD8E82-E1FB-4DE2-951B-1F7580D69CF7}.CD_ROM|x86.Build.0 = Release|x86
		{94CD8E82-E1FB-4DE2-951B-1F7580D69CF7}.Debug|Any CPU.ActiveCfg = Debug|Any CPU
		{94CD8E82-E1FB-4DE2-951B-1F7580D69CF7}.Debug|Any CPU.Build.0 = Debug|Any CPU
		{94CD8E82-E1FB-4DE2-951B-1F7580D69CF7}.Debug|Mixed Platforms.ActiveCfg = Debug|x86
		{94CD8E82-E1FB-4DE2-951B-1F7580D69CF7}.Debug|Mixed Platforms.Build.0 = Debug|x86
		{94CD8E82-E1FB-4DE2-951B-1F7580D69CF7}.Debug|x86.ActiveCfg = Debug|x86
		{94CD8E82-E1FB-4DE2-951B-1F7580D69CF7}.Debug|x86.Build.0 = Debug|x86
		{94CD8E82-E1FB-4DE2-951B-1F7580D69CF7}.DVD-5|Any CPU.ActiveCfg = Debug|Any CPU
		{94CD8E82-E1FB-4DE2-951B-1F7580D69CF7}.DVD-5|Any CPU.Build.0 = Debug|Any CPU
		{94CD8E82-E1FB-4DE2-951B-1F7580D69CF7}.DVD-5|Mixed Platforms.ActiveCfg = Debug|x86
		{94CD8E82-E1FB-4DE2-951B-1F7580D69CF7}.DVD-5|Mixed Platforms.Build.0 = Debug|x86
		{94CD8E82-E1FB-4DE2-951B-1F7580D69CF7}.DVD-5|x86.ActiveCfg = Debug|x86
		{94CD8E82-E1FB-4DE2-951B-1F7580D69CF7}.DVD-5|x86.Build.0 = Debug|x86
		{94CD8E82-E1FB-4DE2-951B-1F7580D69CF7}.Release|Any CPU.ActiveCfg = Release|Any CPU
		{94CD8E82-E1FB-4DE2-951B-1F7580D69CF7}.Release|Any CPU.Build.0 = Release|Any CPU
		{94CD8E82-E1FB-4DE2-951B-1F7580D69CF7}.Release|Mixed Platforms.ActiveCfg = Release|x86
		{94CD8E82-E1FB-4DE2-951B-1F7580D69CF7}.Release|Mixed Platforms.Build.0 = Release|x86
		{94CD8E82-E1FB-4DE2-951B-1F7580D69CF7}.Release|x86.ActiveCfg = Release|x86
		{94CD8E82-E1FB-4DE2-951B-1F7580D69CF7}.Release|x86.Build.0 = Release|x86
		{94CD8E82-E1FB-4DE2-951B-1F7580D69CF7}.SingleImage|Any CPU.ActiveCfg = Release|Any CPU
		{94CD8E82-E1FB-4DE2-951B-1F7580D69CF7}.SingleImage|Any CPU.Build.0 = Release|Any CPU
		{94CD8E82-E1FB-4DE2-951B-1F7580D69CF7}.SingleImage|Mixed Platforms.ActiveCfg = Release|x86
		{94CD8E82-E1FB-4DE2-951B-1F7580D69CF7}.SingleImage|Mixed Platforms.Build.0 = Release|x86
		{94CD8E82-E1FB-4DE2-951B-1F7580D69CF7}.SingleImage|x86.ActiveCfg = Release|x86
		{94CD8E82-E1FB-4DE2-951B-1F7580D69CF7}.SingleImage|x86.Build.0 = Release|x86
		{79FCF649-9986-4EE9-8779-2BFAB11F0E95}.CD_ROM|Any CPU.ActiveCfg = Release|Any CPU
		{79FCF649-9986-4EE9-8779-2BFAB11F0E95}.CD_ROM|Any CPU.Build.0 = Release|Any CPU
		{79FCF649-9986-4EE9-8779-2BFAB11F0E95}.CD_ROM|Mixed Platforms.ActiveCfg = Release|x86
		{79FCF649-9986-4EE9-8779-2BFAB11F0E95}.CD_ROM|Mixed Platforms.Build.0 = Release|x86
		{79FCF649-9986-4EE9-8779-2BFAB11F0E95}.CD_ROM|x86.ActiveCfg = Release|x86
		{79FCF649-9986-4EE9-8779-2BFAB11F0E95}.CD_ROM|x86.Build.0 = Release|x86
		{79FCF649-9986-4EE9-8779-2BFAB11F0E95}.Debug|Any CPU.ActiveCfg = Debug|Any CPU
		{79FCF649-9986-4EE9-8779-2BFAB11F0E95}.Debug|Any CPU.Build.0 = Debug|Any CPU
		{79FCF649-9986-4EE9-8779-2BFAB11F0E95}.Debug|Mixed Platforms.ActiveCfg = Debug|x86
		{79FCF649-9986-4EE9-8779-2BFAB11F0E95}.Debug|Mixed Platforms.Build.0 = Debug|x86
		{79FCF649-9986-4EE9-8779-2BFAB11F0E95}.Debug|x86.ActiveCfg = Debug|x86
		{79FCF649-9986-4EE9-8779-2BFAB11F0E95}.Debug|x86.Build.0 = Debug|x86
		{79FCF649-9986-4EE9-8779-2BFAB11F0E95}.DVD-5|Any CPU.ActiveCfg = Debug|Any CPU
		{79FCF649-9986-4EE9-8779-2BFAB11F0E95}.DVD-5|Any CPU.Build.0 = Debug|Any CPU
		{79FCF649-9986-4EE9-8779-2BFAB11F0E95}.DVD-5|Mixed Platforms.ActiveCfg = Debug|x86
		{79FCF649-9986-4EE9-8779-2BFAB11F0E95}.DVD-5|Mixed Platforms.Build.0 = Debug|x86
		{79FCF649-9986-4EE9-8779-2BFAB11F0E95}.DVD-5|x86.ActiveCfg = Debug|x86
		{79FCF649-9986-4EE9-8779-2BFAB11F0E95}.DVD-5|x86.Build.0 = Debug|x86
		{79FCF649-9986-4EE9-8779-2BFAB11F0E95}.Release|Any CPU.ActiveCfg = Release|Any CPU
		{79FCF649-9986-4EE9-8779-2BFAB11F0E95}.Release|Any CPU.Build.0 = Release|Any CPU
		{79FCF649-9986-4EE9-8779-2BFAB11F0E95}.Release|Mixed Platforms.ActiveCfg = Release|x86
		{79FCF649-9986-4EE9-8779-2BFAB11F0E95}.Release|Mixed Platforms.Build.0 = Release|x86
		{79FCF649-9986-4EE9-8779-2BFAB11F0E95}.Release|x86.ActiveCfg = Release|x86
		{79FCF649-9986-4EE9-8779-2BFAB11F0E95}.Release|x86.Build.0 = Release|x86
		{79FCF649-9986-4EE9-8779-2BFAB11F0E95}.SingleImage|Any CPU.ActiveCfg = Release|Any CPU
		{79FCF649-9986-4EE9-8779-2BFAB11F0E95}.SingleImage|Any CPU.Build.0 = Release|Any CPU
		{79FCF649-9986-4EE9-8779-2BFAB11F0E95}.SingleImage|Mixed Platforms.ActiveCfg = Release|x86
		{79FCF649-9986-4EE9-8779-2BFAB11F0E95}.SingleImage|Mixed Platforms.Build.0 = Release|x86
		{79FCF649-9986-4EE9-8779-2BFAB11F0E95}.SingleImage|x86.ActiveCfg = Release|x86
		{79FCF649-9986-4EE9-8779-2BFAB11F0E95}.SingleImage|x86.Build.0 = Release|x86
		{A893DF2F-C0B9-4742-A8A3-2B97962FF8F8}.CD_ROM|Any CPU.ActiveCfg = Release|Any CPU
		{A893DF2F-C0B9-4742-A8A3-2B97962FF8F8}.CD_ROM|Any CPU.Build.0 = Release|Any CPU
		{A893DF2F-C0B9-4742-A8A3-2B97962FF8F8}.CD_ROM|Mixed Platforms.ActiveCfg = Release|x86
		{A893DF2F-C0B9-4742-A8A3-2B97962FF8F8}.CD_ROM|Mixed Platforms.Build.0 = Release|x86
		{A893DF2F-C0B9-4742-A8A3-2B97962FF8F8}.CD_ROM|x86.ActiveCfg = Release|x86
		{A893DF2F-C0B9-4742-A8A3-2B97962FF8F8}.CD_ROM|x86.Build.0 = Release|x86
		{A893DF2F-C0B9-4742-A8A3-2B97962FF8F8}.Debug|Any CPU.ActiveCfg = Debug|Any CPU
		{A893DF2F-C0B9-4742-A8A3-2B97962FF8F8}.Debug|Any CPU.Build.0 = Debug|Any CPU
		{A893DF2F-C0B9-4742-A8A3-2B97962FF8F8}.Debug|Mixed Platforms.ActiveCfg = Debug|x86
		{A893DF2F-C0B9-4742-A8A3-2B97962FF8F8}.Debug|Mixed Platforms.Build.0 = Debug|x86
		{A893DF2F-C0B9-4742-A8A3-2B97962FF8F8}.Debug|x86.ActiveCfg = Debug|x86
		{A893DF2F-C0B9-4742-A8A3-2B97962FF8F8}.Debug|x86.Build.0 = Debug|x86
		{A893DF2F-C0B9-4742-A8A3-2B97962FF8F8}.DVD-5|Any CPU.ActiveCfg = Debug|Any CPU
		{A893DF2F-C0B9-4742-A8A3-2B97962FF8F8}.DVD-5|Any CPU.Build.0 = Debug|Any CPU
		{A893DF2F-C0B9-4742-A8A3-2B97962FF8F8}.DVD-5|Mixed Platforms.ActiveCfg = Debug|x86
		{A893DF2F-C0B9-4742-A8A3-2B97962FF8F8}.DVD-5|Mixed Platforms.Build.0 = Debug|x86
		{A893DF2F-C0B9-4742-A8A3-2B97962FF8F8}.DVD-5|x86.ActiveCfg = Debug|x86
		{A893DF2F-C0B9-4742-A8A3-2B97962FF8F8}.DVD-5|x86.Build.0 = Debug|x86
		{A893DF2F-C0B9-4742-A8A3-2B97962FF8F8}.Release|Any CPU.ActiveCfg = Release|Any CPU
		{A893DF2F-C0B9-4742-A8A3-2B97962FF8F8}.Release|Any CPU.Build.0 = Release|Any CPU
		{A893DF2F-C0B9-4742-A8A3-2B97962FF8F8}.Release|Mixed Platforms.ActiveCfg = Release|x86
		{A893DF2F-C0B9-4742-A8A3-2B97962FF8F8}.Release|Mixed Platforms.Build.0 = Release|x86
		{A893DF2F-C0B9-4742-A8A3-2B97962FF8F8}.Release|x86.ActiveCfg = Release|x86
		{A893DF2F-C0B9-4742-A8A3-2B97962FF8F8}.Release|x86.Build.0 = Release|x86
		{A893DF2F-C0B9-4742-A8A3-2B97962FF8F8}.SingleImage|Any CPU.ActiveCfg = Release|Any CPU
		{A893DF2F-C0B9-4742-A8A3-2B97962FF8F8}.SingleImage|Any CPU.Build.0 = Release|Any CPU
		{A893DF2F-C0B9-4742-A8A3-2B97962FF8F8}.SingleImage|Mixed Platforms.ActiveCfg = Release|x86
		{A893DF2F-C0B9-4742-A8A3-2B97962FF8F8}.SingleImage|Mixed Platforms.Build.0 = Release|x86
		{A893DF2F-C0B9-4742-A8A3-2B97962FF8F8}.SingleImage|x86.ActiveCfg = Release|x86
		{A893DF2F-C0B9-4742-A8A3-2B97962FF8F8}.SingleImage|x86.Build.0 = Release|x86
		{75D94AB4-8FB5-4F4E-8B1E-20A14E2D5AC7}.CD_ROM|Any CPU.ActiveCfg = Release|Any CPU
		{75D94AB4-8FB5-4F4E-8B1E-20A14E2D5AC7}.CD_ROM|Any CPU.Build.0 = Release|Any CPU
		{75D94AB4-8FB5-4F4E-8B1E-20A14E2D5AC7}.CD_ROM|Mixed Platforms.ActiveCfg = Release|Any CPU
		{75D94AB4-8FB5-4F4E-8B1E-20A14E2D5AC7}.CD_ROM|Mixed Platforms.Build.0 = Release|Any CPU
		{75D94AB4-8FB5-4F4E-8B1E-20A14E2D5AC7}.CD_ROM|x86.ActiveCfg = Release|Any CPU
		{75D94AB4-8FB5-4F4E-8B1E-20A14E2D5AC7}.Debug|Any CPU.ActiveCfg = Debug|Any CPU
		{75D94AB4-8FB5-4F4E-8B1E-20A14E2D5AC7}.Debug|Any CPU.Build.0 = Debug|Any CPU
		{75D94AB4-8FB5-4F4E-8B1E-20A14E2D5AC7}.Debug|Mixed Platforms.ActiveCfg = Debug|x86
		{75D94AB4-8FB5-4F4E-8B1E-20A14E2D5AC7}.Debug|Mixed Platforms.Build.0 = Debug|x86
		{75D94AB4-8FB5-4F4E-8B1E-20A14E2D5AC7}.Debug|x86.ActiveCfg = Debug|x86
		{75D94AB4-8FB5-4F4E-8B1E-20A14E2D5AC7}.Debug|x86.Build.0 = Debug|x86
		{75D94AB4-8FB5-4F4E-8B1E-20A14E2D5AC7}.DVD-5|Any CPU.ActiveCfg = Debug|Any CPU
		{75D94AB4-8FB5-4F4E-8B1E-20A14E2D5AC7}.DVD-5|Any CPU.Build.0 = Debug|Any CPU
		{75D94AB4-8FB5-4F4E-8B1E-20A14E2D5AC7}.DVD-5|Mixed Platforms.ActiveCfg = Debug|Any CPU
		{75D94AB4-8FB5-4F4E-8B1E-20A14E2D5AC7}.DVD-5|Mixed Platforms.Build.0 = Debug|Any CPU
		{75D94AB4-8FB5-4F4E-8B1E-20A14E2D5AC7}.DVD-5|x86.ActiveCfg = Debug|Any CPU
		{75D94AB4-8FB5-4F4E-8B1E-20A14E2D5AC7}.Release|Any CPU.ActiveCfg = Release|Any CPU
		{75D94AB4-8FB5-4F4E-8B1E-20A14E2D5AC7}.Release|Any CPU.Build.0 = Release|Any CPU
		{75D94AB4-8FB5-4F4E-8B1E-20A14E2D5AC7}.Release|Mixed Platforms.ActiveCfg = Release|x86
		{75D94AB4-8FB5-4F4E-8B1E-20A14E2D5AC7}.Release|Mixed Platforms.Build.0 = Release|x86
		{75D94AB4-8FB5-4F4E-8B1E-20A14E2D5AC7}.Release|x86.ActiveCfg = Release|x86
		{75D94AB4-8FB5-4F4E-8B1E-20A14E2D5AC7}.Release|x86.Build.0 = Release|x86
		{75D94AB4-8FB5-4F4E-8B1E-20A14E2D5AC7}.SingleImage|Any CPU.ActiveCfg = Release|Any CPU
		{75D94AB4-8FB5-4F4E-8B1E-20A14E2D5AC7}.SingleImage|Any CPU.Build.0 = Release|Any CPU
		{75D94AB4-8FB5-4F4E-8B1E-20A14E2D5AC7}.SingleImage|Mixed Platforms.ActiveCfg = Release|Any CPU
		{75D94AB4-8FB5-4F4E-8B1E-20A14E2D5AC7}.SingleImage|Mixed Platforms.Build.0 = Release|Any CPU
		{75D94AB4-8FB5-4F4E-8B1E-20A14E2D5AC7}.SingleImage|x86.ActiveCfg = Release|x86
		{75D94AB4-8FB5-4F4E-8B1E-20A14E2D5AC7}.SingleImage|x86.Build.0 = Release|x86
		{94B6669A-E374-4CCB-AB3C-5DFE87E73679}.CD_ROM|Any CPU.ActiveCfg = Release|Any CPU
		{94B6669A-E374-4CCB-AB3C-5DFE87E73679}.CD_ROM|Any CPU.Build.0 = Release|Any CPU
		{94B6669A-E374-4CCB-AB3C-5DFE87E73679}.CD_ROM|Mixed Platforms.ActiveCfg = Release|Any CPU
		{94B6669A-E374-4CCB-AB3C-5DFE87E73679}.CD_ROM|Mixed Platforms.Build.0 = Release|Any CPU
		{94B6669A-E374-4CCB-AB3C-5DFE87E73679}.CD_ROM|x86.ActiveCfg = Release|Any CPU
		{94B6669A-E374-4CCB-AB3C-5DFE87E73679}.Debug|Any CPU.ActiveCfg = Debug|Any CPU
		{94B6669A-E374-4CCB-AB3C-5DFE87E73679}.Debug|Any CPU.Build.0 = Debug|Any CPU
		{94B6669A-E374-4CCB-AB3C-5DFE87E73679}.Debug|Mixed Platforms.ActiveCfg = Debug|x86
		{94B6669A-E374-4CCB-AB3C-5DFE87E73679}.Debug|Mixed Platforms.Build.0 = Debug|x86
		{94B6669A-E374-4CCB-AB3C-5DFE87E73679}.Debug|x86.ActiveCfg = Debug|x86
		{94B6669A-E374-4CCB-AB3C-5DFE87E73679}.Debug|x86.Build.0 = Debug|x86
		{94B6669A-E374-4CCB-AB3C-5DFE87E73679}.DVD-5|Any CPU.ActiveCfg = Debug|Any CPU
		{94B6669A-E374-4CCB-AB3C-5DFE87E73679}.DVD-5|Any CPU.Build.0 = Debug|Any CPU
		{94B6669A-E374-4CCB-AB3C-5DFE87E73679}.DVD-5|Mixed Platforms.ActiveCfg = Debug|Any CPU
		{94B6669A-E374-4CCB-AB3C-5DFE87E73679}.DVD-5|Mixed Platforms.Build.0 = Debug|Any CPU
		{94B6669A-E374-4CCB-AB3C-5DFE87E73679}.DVD-5|x86.ActiveCfg = Debug|Any CPU
		{94B6669A-E374-4CCB-AB3C-5DFE87E73679}.Release|Any CPU.ActiveCfg = Release|Any CPU
		{94B6669A-E374-4CCB-AB3C-5DFE87E73679}.Release|Any CPU.Build.0 = Release|Any CPU
		{94B6669A-E374-4CCB-AB3C-5DFE87E73679}.Release|Mixed Platforms.ActiveCfg = Release|x86
		{94B6669A-E374-4CCB-AB3C-5DFE87E73679}.Release|Mixed Platforms.Build.0 = Release|x86
		{94B6669A-E374-4CCB-AB3C-5DFE87E73679}.Release|x86.ActiveCfg = Release|x86
		{94B6669A-E374-4CCB-AB3C-5DFE87E73679}.Release|x86.Build.0 = Release|x86
		{94B6669A-E374-4CCB-AB3C-5DFE87E73679}.SingleImage|Any CPU.ActiveCfg = Release|Any CPU
		{94B6669A-E374-4CCB-AB3C-5DFE87E73679}.SingleImage|Any CPU.Build.0 = Release|Any CPU
		{94B6669A-E374-4CCB-AB3C-5DFE87E73679}.SingleImage|Mixed Platforms.ActiveCfg = Release|Any CPU
		{94B6669A-E374-4CCB-AB3C-5DFE87E73679}.SingleImage|Mixed Platforms.Build.0 = Release|Any CPU
		{94B6669A-E374-4CCB-AB3C-5DFE87E73679}.SingleImage|x86.ActiveCfg = Release|Any CPU
		{A89148A6-F08D-4D9F-B478-39D1D2EED4EF}.CD_ROM|Any CPU.ActiveCfg = Release|Any CPU
		{A89148A6-F08D-4D9F-B478-39D1D2EED4EF}.CD_ROM|Any CPU.Build.0 = Release|Any CPU
		{A89148A6-F08D-4D9F-B478-39D1D2EED4EF}.CD_ROM|Mixed Platforms.ActiveCfg = Release|Any CPU
		{A89148A6-F08D-4D9F-B478-39D1D2EED4EF}.CD_ROM|Mixed Platforms.Build.0 = Release|Any CPU
		{A89148A6-F08D-4D9F-B478-39D1D2EED4EF}.CD_ROM|x86.ActiveCfg = Release|Any CPU
		{A89148A6-F08D-4D9F-B478-39D1D2EED4EF}.Debug|Any CPU.ActiveCfg = Debug|Any CPU
		{A89148A6-F08D-4D9F-B478-39D1D2EED4EF}.Debug|Any CPU.Build.0 = Debug|Any CPU
		{A89148A6-F08D-4D9F-B478-39D1D2EED4EF}.Debug|Mixed Platforms.ActiveCfg = Debug|x86
		{A89148A6-F08D-4D9F-B478-39D1D2EED4EF}.Debug|Mixed Platforms.Build.0 = Debug|x86
		{A89148A6-F08D-4D9F-B478-39D1D2EED4EF}.Debug|x86.ActiveCfg = Debug|x86
		{A89148A6-F08D-4D9F-B478-39D1D2EED4EF}.Debug|x86.Build.0 = Debug|x86
		{A89148A6-F08D-4D9F-B478-39D1D2EED4EF}.DVD-5|Any CPU.ActiveCfg = Debug|Any CPU
		{A89148A6-F08D-4D9F-B478-39D1D2EED4EF}.DVD-5|Any CPU.Build.0 = Debug|Any CPU
		{A89148A6-F08D-4D9F-B478-39D1D2EED4EF}.DVD-5|Mixed Platforms.ActiveCfg = Debug|Any CPU
		{A89148A6-F08D-4D9F-B478-39D1D2EED4EF}.DVD-5|Mixed Platforms.Build.0 = Debug|Any CPU
		{A89148A6-F08D-4D9F-B478-39D1D2EED4EF}.DVD-5|x86.ActiveCfg = Debug|Any CPU
		{A89148A6-F08D-4D9F-B478-39D1D2EED4EF}.Release|Any CPU.ActiveCfg = Release|Any CPU
		{A89148A6-F08D-4D9F-B478-39D1D2EED4EF}.Release|Any CPU.Build.0 = Release|Any CPU
		{A89148A6-F08D-4D9F-B478-39D1D2EED4EF}.Release|Mixed Platforms.ActiveCfg = Release|x86
		{A89148A6-F08D-4D9F-B478-39D1D2EED4EF}.Release|Mixed Platforms.Build.0 = Release|x86
		{A89148A6-F08D-4D9F-B478-39D1D2EED4EF}.Release|x86.ActiveCfg = Release|x86
		{A89148A6-F08D-4D9F-B478-39D1D2EED4EF}.Release|x86.Build.0 = Release|x86
		{A89148A6-F08D-4D9F-B478-39D1D2EED4EF}.SingleImage|Any CPU.ActiveCfg = Release|Any CPU
		{A89148A6-F08D-4D9F-B478-39D1D2EED4EF}.SingleImage|Any CPU.Build.0 = Release|Any CPU
		{A89148A6-F08D-4D9F-B478-39D1D2EED4EF}.SingleImage|Mixed Platforms.ActiveCfg = Release|Any CPU
		{A89148A6-F08D-4D9F-B478-39D1D2EED4EF}.SingleImage|Mixed Platforms.Build.0 = Release|Any CPU
		{A89148A6-F08D-4D9F-B478-39D1D2EED4EF}.SingleImage|x86.ActiveCfg = Release|Any CPU
		{FB9E70CA-391D-4BCC-8B78-527CF89BBBA8}.CD_ROM|Any CPU.ActiveCfg = Release|Any CPU
		{FB9E70CA-391D-4BCC-8B78-527CF89BBBA8}.CD_ROM|Any CPU.Build.0 = Release|Any CPU
		{FB9E70CA-391D-4BCC-8B78-527CF89BBBA8}.CD_ROM|Mixed Platforms.ActiveCfg = Release|Any CPU
		{FB9E70CA-391D-4BCC-8B78-527CF89BBBA8}.CD_ROM|Mixed Platforms.Build.0 = Release|Any CPU
		{FB9E70CA-391D-4BCC-8B78-527CF89BBBA8}.CD_ROM|x86.ActiveCfg = Release|Any CPU
		{FB9E70CA-391D-4BCC-8B78-527CF89BBBA8}.Debug|Any CPU.ActiveCfg = Debug|Any CPU
		{FB9E70CA-391D-4BCC-8B78-527CF89BBBA8}.Debug|Any CPU.Build.0 = Debug|Any CPU
		{FB9E70CA-391D-4BCC-8B78-527CF89BBBA8}.Debug|Mixed Platforms.ActiveCfg = Debug|x86
		{FB9E70CA-391D-4BCC-8B78-527CF89BBBA8}.Debug|Mixed Platforms.Build.0 = Debug|x86
		{FB9E70CA-391D-4BCC-8B78-527CF89BBBA8}.Debug|x86.ActiveCfg = Debug|x86
		{FB9E70CA-391D-4BCC-8B78-527CF89BBBA8}.Debug|x86.Build.0 = Debug|x86
		{FB9E70CA-391D-4BCC-8B78-527CF89BBBA8}.DVD-5|Any CPU.ActiveCfg = Debug|Any CPU
		{FB9E70CA-391D-4BCC-8B78-527CF89BBBA8}.DVD-5|Any CPU.Build.0 = Debug|Any CPU
		{FB9E70CA-391D-4BCC-8B78-527CF89BBBA8}.DVD-5|Mixed Platforms.ActiveCfg = Debug|Any CPU
		{FB9E70CA-391D-4BCC-8B78-527CF89BBBA8}.DVD-5|Mixed Platforms.Build.0 = Debug|Any CPU
		{FB9E70CA-391D-4BCC-8B78-527CF89BBBA8}.DVD-5|x86.ActiveCfg = Debug|Any CPU
		{FB9E70CA-391D-4BCC-8B78-527CF89BBBA8}.Release|Any CPU.ActiveCfg = Release|Any CPU
		{FB9E70CA-391D-4BCC-8B78-527CF89BBBA8}.Release|Any CPU.Build.0 = Release|Any CPU
		{FB9E70CA-391D-4BCC-8B78-527CF89BBBA8}.Release|Mixed Platforms.ActiveCfg = Release|x86
		{FB9E70CA-391D-4BCC-8B78-527CF89BBBA8}.Release|Mixed Platforms.Build.0 = Release|x86
		{FB9E70CA-391D-4BCC-8B78-527CF89BBBA8}.Release|x86.ActiveCfg = Release|x86
		{FB9E70CA-391D-4BCC-8B78-527CF89BBBA8}.Release|x86.Build.0 = Release|x86
		{FB9E70CA-391D-4BCC-8B78-527CF89BBBA8}.SingleImage|Any CPU.ActiveCfg = Release|Any CPU
		{FB9E70CA-391D-4BCC-8B78-527CF89BBBA8}.SingleImage|Any CPU.Build.0 = Release|Any CPU
		{FB9E70CA-391D-4BCC-8B78-527CF89BBBA8}.SingleImage|Mixed Platforms.ActiveCfg = Release|Any CPU
		{FB9E70CA-391D-4BCC-8B78-527CF89BBBA8}.SingleImage|Mixed Platforms.Build.0 = Release|Any CPU
		{FB9E70CA-391D-4BCC-8B78-527CF89BBBA8}.SingleImage|x86.ActiveCfg = Release|Any CPU
		{FA8E977A-CB4F-4CF9-85AE-B3BAEA7FD66E}.CD_ROM|Any CPU.ActiveCfg = Release|Any CPU
		{FA8E977A-CB4F-4CF9-85AE-B3BAEA7FD66E}.CD_ROM|Any CPU.Build.0 = Release|Any CPU
		{FA8E977A-CB4F-4CF9-85AE-B3BAEA7FD66E}.CD_ROM|Mixed Platforms.ActiveCfg = Release|Any CPU
		{FA8E977A-CB4F-4CF9-85AE-B3BAEA7FD66E}.CD_ROM|Mixed Platforms.Build.0 = Release|Any CPU
		{FA8E977A-CB4F-4CF9-85AE-B3BAEA7FD66E}.CD_ROM|x86.ActiveCfg = Release|Any CPU
		{FA8E977A-CB4F-4CF9-85AE-B3BAEA7FD66E}.Debug|Any CPU.ActiveCfg = Debug|Any CPU
		{FA8E977A-CB4F-4CF9-85AE-B3BAEA7FD66E}.Debug|Any CPU.Build.0 = Debug|Any CPU
		{FA8E977A-CB4F-4CF9-85AE-B3BAEA7FD66E}.Debug|Mixed Platforms.ActiveCfg = Debug|x86
		{FA8E977A-CB4F-4CF9-85AE-B3BAEA7FD66E}.Debug|Mixed Platforms.Build.0 = Debug|x86
		{FA8E977A-CB4F-4CF9-85AE-B3BAEA7FD66E}.Debug|x86.ActiveCfg = Debug|x86
		{FA8E977A-CB4F-4CF9-85AE-B3BAEA7FD66E}.Debug|x86.Build.0 = Debug|x86
		{FA8E977A-CB4F-4CF9-85AE-B3BAEA7FD66E}.DVD-5|Any CPU.ActiveCfg = Debug|Any CPU
		{FA8E977A-CB4F-4CF9-85AE-B3BAEA7FD66E}.DVD-5|Any CPU.Build.0 = Debug|Any CPU
		{FA8E977A-CB4F-4CF9-85AE-B3BAEA7FD66E}.DVD-5|Mixed Platforms.ActiveCfg = Debug|Any CPU
		{FA8E977A-CB4F-4CF9-85AE-B3BAEA7FD66E}.DVD-5|Mixed Platforms.Build.0 = Debug|Any CPU
		{FA8E977A-CB4F-4CF9-85AE-B3BAEA7FD66E}.DVD-5|x86.ActiveCfg = Debug|Any CPU
		{FA8E977A-CB4F-4CF9-85AE-B3BAEA7FD66E}.Release|Any CPU.ActiveCfg = Release|Any CPU
		{FA8E977A-CB4F-4CF9-85AE-B3BAEA7FD66E}.Release|Any CPU.Build.0 = Release|Any CPU
		{FA8E977A-CB4F-4CF9-85AE-B3BAEA7FD66E}.Release|Mixed Platforms.ActiveCfg = Release|x86
		{FA8E977A-CB4F-4CF9-85AE-B3BAEA7FD66E}.Release|Mixed Platforms.Build.0 = Release|x86
		{FA8E977A-CB4F-4CF9-85AE-B3BAEA7FD66E}.Release|x86.ActiveCfg = Release|x86
		{FA8E977A-CB4F-4CF9-85AE-B3BAEA7FD66E}.Release|x86.Build.0 = Release|x86
		{FA8E977A-CB4F-4CF9-85AE-B3BAEA7FD66E}.SingleImage|Any CPU.ActiveCfg = Release|Any CPU
		{FA8E977A-CB4F-4CF9-85AE-B3BAEA7FD66E}.SingleImage|Any CPU.Build.0 = Release|Any CPU
		{FA8E977A-CB4F-4CF9-85AE-B3BAEA7FD66E}.SingleImage|Mixed Platforms.ActiveCfg = Release|Any CPU
		{FA8E977A-CB4F-4CF9-85AE-B3BAEA7FD66E}.SingleImage|Mixed Platforms.Build.0 = Release|Any CPU
		{FA8E977A-CB4F-4CF9-85AE-B3BAEA7FD66E}.SingleImage|x86.ActiveCfg = Release|Any CPU
		{8EAE0BD9-511C-4E86-8673-B53BA9EFA380}.CD_ROM|Any CPU.ActiveCfg = Release|Any CPU
		{8EAE0BD9-511C-4E86-8673-B53BA9EFA380}.CD_ROM|Any CPU.Build.0 = Release|Any CPU
		{8EAE0BD9-511C-4E86-8673-B53BA9EFA380}.CD_ROM|Mixed Platforms.ActiveCfg = Release|Any CPU
		{8EAE0BD9-511C-4E86-8673-B53BA9EFA380}.CD_ROM|Mixed Platforms.Build.0 = Release|Any CPU
		{8EAE0BD9-511C-4E86-8673-B53BA9EFA380}.CD_ROM|x86.ActiveCfg = Release|Any CPU
		{8EAE0BD9-511C-4E86-8673-B53BA9EFA380}.Debug|Any CPU.ActiveCfg = Debug|Any CPU
		{8EAE0BD9-511C-4E86-8673-B53BA9EFA380}.Debug|Any CPU.Build.0 = Debug|Any CPU
		{8EAE0BD9-511C-4E86-8673-B53BA9EFA380}.Debug|Mixed Platforms.ActiveCfg = Debug|x86
		{8EAE0BD9-511C-4E86-8673-B53BA9EFA380}.Debug|Mixed Platforms.Build.0 = Debug|x86
		{8EAE0BD9-511C-4E86-8673-B53BA9EFA380}.Debug|x86.ActiveCfg = Debug|x86
		{8EAE0BD9-511C-4E86-8673-B53BA9EFA380}.Debug|x86.Build.0 = Debug|x86
		{8EAE0BD9-511C-4E86-8673-B53BA9EFA380}.DVD-5|Any CPU.ActiveCfg = Debug|Any CPU
		{8EAE0BD9-511C-4E86-8673-B53BA9EFA380}.DVD-5|Any CPU.Build.0 = Debug|Any CPU
		{8EAE0BD9-511C-4E86-8673-B53BA9EFA380}.DVD-5|Mixed Platforms.ActiveCfg = Debug|Any CPU
		{8EAE0BD9-511C-4E86-8673-B53BA9EFA380}.DVD-5|Mixed Platforms.Build.0 = Debug|Any CPU
		{8EAE0BD9-511C-4E86-8673-B53BA9EFA380}.DVD-5|x86.ActiveCfg = Debug|Any CPU
		{8EAE0BD9-511C-4E86-8673-B53BA9EFA380}.Release|Any CPU.ActiveCfg = Release|Any CPU
		{8EAE0BD9-511C-4E86-8673-B53BA9EFA380}.Release|Any CPU.Build.0 = Release|Any CPU
		{8EAE0BD9-511C-4E86-8673-B53BA9EFA380}.Release|Mixed Platforms.ActiveCfg = Release|x86
		{8EAE0BD9-511C-4E86-8673-B53BA9EFA380}.Release|Mixed Platforms.Build.0 = Release|x86
		{8EAE0BD9-511C-4E86-8673-B53BA9EFA380}.Release|x86.ActiveCfg = Release|x86
		{8EAE0BD9-511C-4E86-8673-B53BA9EFA380}.Release|x86.Build.0 = Release|x86
		{8EAE0BD9-511C-4E86-8673-B53BA9EFA380}.SingleImage|Any CPU.ActiveCfg = Release|Any CPU
		{8EAE0BD9-511C-4E86-8673-B53BA9EFA380}.SingleImage|Any CPU.Build.0 = Release|Any CPU
		{8EAE0BD9-511C-4E86-8673-B53BA9EFA380}.SingleImage|Mixed Platforms.ActiveCfg = Release|Any CPU
		{8EAE0BD9-511C-4E86-8673-B53BA9EFA380}.SingleImage|Mixed Platforms.Build.0 = Release|Any CPU
		{8EAE0BD9-511C-4E86-8673-B53BA9EFA380}.SingleImage|x86.ActiveCfg = Release|Any CPU
		{18B7D7FB-B5C0-48F1-A6D9-EC2432BED1DE}.CD_ROM|Any CPU.ActiveCfg = Release|Any CPU
		{18B7D7FB-B5C0-48F1-A6D9-EC2432BED1DE}.CD_ROM|Any CPU.Build.0 = Release|Any CPU
		{18B7D7FB-B5C0-48F1-A6D9-EC2432BED1DE}.CD_ROM|Mixed Platforms.ActiveCfg = Release|Any CPU
		{18B7D7FB-B5C0-48F1-A6D9-EC2432BED1DE}.CD_ROM|Mixed Platforms.Build.0 = Release|Any CPU
		{18B7D7FB-B5C0-48F1-A6D9-EC2432BED1DE}.CD_ROM|x86.ActiveCfg = Release|Any CPU
		{18B7D7FB-B5C0-48F1-A6D9-EC2432BED1DE}.Debug|Any CPU.ActiveCfg = Debug|Any CPU
		{18B7D7FB-B5C0-48F1-A6D9-EC2432BED1DE}.Debug|Any CPU.Build.0 = Debug|Any CPU
		{18B7D7FB-B5C0-48F1-A6D9-EC2432BED1DE}.Debug|Mixed Platforms.ActiveCfg = Debug|x86
		{18B7D7FB-B5C0-48F1-A6D9-EC2432BED1DE}.Debug|Mixed Platforms.Build.0 = Debug|x86
		{18B7D7FB-B5C0-48F1-A6D9-EC2432BED1DE}.Debug|x86.ActiveCfg = Debug|x86
		{18B7D7FB-B5C0-48F1-A6D9-EC2432BED1DE}.Debug|x86.Build.0 = Debug|x86
		{18B7D7FB-B5C0-48F1-A6D9-EC2432BED1DE}.DVD-5|Any CPU.ActiveCfg = Debug|Any CPU
		{18B7D7FB-B5C0-48F1-A6D9-EC2432BED1DE}.DVD-5|Any CPU.Build.0 = Debug|Any CPU
		{18B7D7FB-B5C0-48F1-A6D9-EC2432BED1DE}.DVD-5|Mixed Platforms.ActiveCfg = Debug|Any CPU
		{18B7D7FB-B5C0-48F1-A6D9-EC2432BED1DE}.DVD-5|Mixed Platforms.Build.0 = Debug|Any CPU
		{18B7D7FB-B5C0-48F1-A6D9-EC2432BED1DE}.DVD-5|x86.ActiveCfg = Debug|Any CPU
		{18B7D7FB-B5C0-48F1-A6D9-EC2432BED1DE}.Release|Any CPU.ActiveCfg = Release|Any CPU
		{18B7D7FB-B5C0-48F1-A6D9-EC2432BED1DE}.Release|Any CPU.Build.0 = Release|Any CPU
		{18B7D7FB-B5C0-48F1-A6D9-EC2432BED1DE}.Release|Mixed Platforms.ActiveCfg = Release|x86
		{18B7D7FB-B5C0-48F1-A6D9-EC2432BED1DE}.Release|Mixed Platforms.Build.0 = Release|x86
		{18B7D7FB-B5C0-48F1-A6D9-EC2432BED1DE}.Release|x86.ActiveCfg = Release|x86
		{18B7D7FB-B5C0-48F1-A6D9-EC2432BED1DE}.Release|x86.Build.0 = Release|x86
		{18B7D7FB-B5C0-48F1-A6D9-EC2432BED1DE}.SingleImage|Any CPU.ActiveCfg = Release|Any CPU
		{18B7D7FB-B5C0-48F1-A6D9-EC2432BED1DE}.SingleImage|Any CPU.Build.0 = Release|Any CPU
		{18B7D7FB-B5C0-48F1-A6D9-EC2432BED1DE}.SingleImage|Mixed Platforms.ActiveCfg = Release|Any CPU
		{18B7D7FB-B5C0-48F1-A6D9-EC2432BED1DE}.SingleImage|Mixed Platforms.Build.0 = Release|Any CPU
		{18B7D7FB-B5C0-48F1-A6D9-EC2432BED1DE}.SingleImage|x86.ActiveCfg = Release|Any CPU
		{C708CB22-C3F3-4100-9C7A-68A6C1582630}.CD_ROM|Any CPU.ActiveCfg = Release|Any CPU
		{C708CB22-C3F3-4100-9C7A-68A6C1582630}.CD_ROM|Any CPU.Build.0 = Release|Any CPU
		{C708CB22-C3F3-4100-9C7A-68A6C1582630}.CD_ROM|Mixed Platforms.ActiveCfg = Release|Any CPU
		{C708CB22-C3F3-4100-9C7A-68A6C1582630}.CD_ROM|Mixed Platforms.Build.0 = Release|Any CPU
		{C708CB22-C3F3-4100-9C7A-68A6C1582630}.CD_ROM|x86.ActiveCfg = Release|Any CPU
		{C708CB22-C3F3-4100-9C7A-68A6C1582630}.Debug|Any CPU.ActiveCfg = Debug|Any CPU
		{C708CB22-C3F3-4100-9C7A-68A6C1582630}.Debug|Any CPU.Build.0 = Debug|Any CPU
		{C708CB22-C3F3-4100-9C7A-68A6C1582630}.Debug|Mixed Platforms.ActiveCfg = Debug|x86
		{C708CB22-C3F3-4100-9C7A-68A6C1582630}.Debug|Mixed Platforms.Build.0 = Debug|x86
		{C708CB22-C3F3-4100-9C7A-68A6C1582630}.Debug|x86.ActiveCfg = Debug|x86
		{C708CB22-C3F3-4100-9C7A-68A6C1582630}.Debug|x86.Build.0 = Debug|x86
		{C708CB22-C3F3-4100-9C7A-68A6C1582630}.DVD-5|Any CPU.ActiveCfg = Debug|Any CPU
		{C708CB22-C3F3-4100-9C7A-68A6C1582630}.DVD-5|Any CPU.Build.0 = Debug|Any CPU
		{C708CB22-C3F3-4100-9C7A-68A6C1582630}.DVD-5|Mixed Platforms.ActiveCfg = Debug|Any CPU
		{C708CB22-C3F3-4100-9C7A-68A6C1582630}.DVD-5|Mixed Platforms.Build.0 = Debug|Any CPU
		{C708CB22-C3F3-4100-9C7A-68A6C1582630}.DVD-5|x86.ActiveCfg = Debug|Any CPU
		{C708CB22-C3F3-4100-9C7A-68A6C1582630}.Release|Any CPU.ActiveCfg = Release|Any CPU
		{C708CB22-C3F3-4100-9C7A-68A6C1582630}.Release|Any CPU.Build.0 = Release|Any CPU
		{C708CB22-C3F3-4100-9C7A-68A6C1582630}.Release|Mixed Platforms.ActiveCfg = Release|x86
		{C708CB22-C3F3-4100-9C7A-68A6C1582630}.Release|Mixed Platforms.Build.0 = Release|x86
		{C708CB22-C3F3-4100-9C7A-68A6C1582630}.Release|x86.ActiveCfg = Release|x86
		{C708CB22-C3F3-4100-9C7A-68A6C1582630}.Release|x86.Build.0 = Release|x86
		{C708CB22-C3F3-4100-9C7A-68A6C1582630}.SingleImage|Any CPU.ActiveCfg = Release|Any CPU
		{C708CB22-C3F3-4100-9C7A-68A6C1582630}.SingleImage|Any CPU.Build.0 = Release|Any CPU
		{C708CB22-C3F3-4100-9C7A-68A6C1582630}.SingleImage|Mixed Platforms.ActiveCfg = Release|Any CPU
		{C708CB22-C3F3-4100-9C7A-68A6C1582630}.SingleImage|Mixed Platforms.Build.0 = Release|Any CPU
		{C708CB22-C3F3-4100-9C7A-68A6C1582630}.SingleImage|x86.ActiveCfg = Release|Any CPU
		{51BA9260-B1D7-4146-B8CD-78F0C04B279A}.CD_ROM|Any CPU.ActiveCfg = Release|Any CPU
		{51BA9260-B1D7-4146-B8CD-78F0C04B279A}.CD_ROM|Any CPU.Build.0 = Release|Any CPU
		{51BA9260-B1D7-4146-B8CD-78F0C04B279A}.CD_ROM|Mixed Platforms.ActiveCfg = Release|Any CPU
		{51BA9260-B1D7-4146-B8CD-78F0C04B279A}.CD_ROM|Mixed Platforms.Build.0 = Release|Any CPU
		{51BA9260-B1D7-4146-B8CD-78F0C04B279A}.CD_ROM|x86.ActiveCfg = Release|Any CPU
		{51BA9260-B1D7-4146-B8CD-78F0C04B279A}.Debug|Any CPU.ActiveCfg = Debug|Any CPU
		{51BA9260-B1D7-4146-B8CD-78F0C04B279A}.Debug|Any CPU.Build.0 = Debug|Any CPU
		{51BA9260-B1D7-4146-B8CD-78F0C04B279A}.Debug|Mixed Platforms.ActiveCfg = Debug|x86
		{51BA9260-B1D7-4146-B8CD-78F0C04B279A}.Debug|Mixed Platforms.Build.0 = Debug|x86
		{51BA9260-B1D7-4146-B8CD-78F0C04B279A}.Debug|x86.ActiveCfg = Debug|x86
		{51BA9260-B1D7-4146-B8CD-78F0C04B279A}.Debug|x86.Build.0 = Debug|x86
		{51BA9260-B1D7-4146-B8CD-78F0C04B279A}.DVD-5|Any CPU.ActiveCfg = Debug|Any CPU
		{51BA9260-B1D7-4146-B8CD-78F0C04B279A}.DVD-5|Any CPU.Build.0 = Debug|Any CPU
		{51BA9260-B1D7-4146-B8CD-78F0C04B279A}.DVD-5|Mixed Platforms.ActiveCfg = Debug|Any CPU
		{51BA9260-B1D7-4146-B8CD-78F0C04B279A}.DVD-5|Mixed Platforms.Build.0 = Debug|Any CPU
		{51BA9260-B1D7-4146-B8CD-78F0C04B279A}.DVD-5|x86.ActiveCfg = Debug|Any CPU
		{51BA9260-B1D7-4146-B8CD-78F0C04B279A}.Release|Any CPU.ActiveCfg = Release|Any CPU
		{51BA9260-B1D7-4146-B8CD-78F0C04B279A}.Release|Any CPU.Build.0 = Release|Any CPU
		{51BA9260-B1D7-4146-B8CD-78F0C04B279A}.Release|Mixed Platforms.ActiveCfg = Release|x86
		{51BA9260-B1D7-4146-B8CD-78F0C04B279A}.Release|Mixed Platforms.Build.0 = Release|x86
		{51BA9260-B1D7-4146-B8CD-78F0C04B279A}.Release|x86.ActiveCfg = Release|x86
		{51BA9260-B1D7-4146-B8CD-78F0C04B279A}.Release|x86.Build.0 = Release|x86
		{51BA9260-B1D7-4146-B8CD-78F0C04B279A}.SingleImage|Any CPU.ActiveCfg = Release|Any CPU
		{51BA9260-B1D7-4146-B8CD-78F0C04B279A}.SingleImage|Any CPU.Build.0 = Release|Any CPU
		{51BA9260-B1D7-4146-B8CD-78F0C04B279A}.SingleImage|Mixed Platforms.ActiveCfg = Release|Any CPU
		{51BA9260-B1D7-4146-B8CD-78F0C04B279A}.SingleImage|Mixed Platforms.Build.0 = Release|Any CPU
		{51BA9260-B1D7-4146-B8CD-78F0C04B279A}.SingleImage|x86.ActiveCfg = Release|Any CPU
		{31FE3C62-D46A-477C-B6BB-FC7D5A9B34EF}.CD_ROM|Any CPU.ActiveCfg = Release|Any CPU
		{31FE3C62-D46A-477C-B6BB-FC7D5A9B34EF}.CD_ROM|Any CPU.Build.0 = Release|Any CPU
		{31FE3C62-D46A-477C-B6BB-FC7D5A9B34EF}.CD_ROM|Mixed Platforms.ActiveCfg = Release|Any CPU
		{31FE3C62-D46A-477C-B6BB-FC7D5A9B34EF}.CD_ROM|Mixed Platforms.Build.0 = Release|Any CPU
		{31FE3C62-D46A-477C-B6BB-FC7D5A9B34EF}.CD_ROM|x86.ActiveCfg = Release|Any CPU
		{31FE3C62-D46A-477C-B6BB-FC7D5A9B34EF}.Debug|Any CPU.ActiveCfg = Debug|Any CPU
		{31FE3C62-D46A-477C-B6BB-FC7D5A9B34EF}.Debug|Any CPU.Build.0 = Debug|Any CPU
		{31FE3C62-D46A-477C-B6BB-FC7D5A9B34EF}.Debug|Mixed Platforms.ActiveCfg = Debug|Any CPU
		{31FE3C62-D46A-477C-B6BB-FC7D5A9B34EF}.Debug|Mixed Platforms.Build.0 = Debug|Any CPU
		{31FE3C62-D46A-477C-B6BB-FC7D5A9B34EF}.Debug|x86.ActiveCfg = Debug|x86
		{31FE3C62-D46A-477C-B6BB-FC7D5A9B34EF}.Debug|x86.Build.0 = Debug|x86
		{31FE3C62-D46A-477C-B6BB-FC7D5A9B34EF}.DVD-5|Any CPU.ActiveCfg = Debug|Any CPU
		{31FE3C62-D46A-477C-B6BB-FC7D5A9B34EF}.DVD-5|Any CPU.Build.0 = Debug|Any CPU
		{31FE3C62-D46A-477C-B6BB-FC7D5A9B34EF}.DVD-5|Mixed Platforms.ActiveCfg = Debug|Any CPU
		{31FE3C62-D46A-477C-B6BB-FC7D5A9B34EF}.DVD-5|Mixed Platforms.Build.0 = Debug|Any CPU
		{31FE3C62-D46A-477C-B6BB-FC7D5A9B34EF}.DVD-5|x86.ActiveCfg = Debug|Any CPU
		{31FE3C62-D46A-477C-B6BB-FC7D5A9B34EF}.Release|Any CPU.ActiveCfg = Release|Any CPU
		{31FE3C62-D46A-477C-B6BB-FC7D5A9B34EF}.Release|Any CPU.Build.0 = Release|Any CPU
		{31FE3C62-D46A-477C-B6BB-FC7D5A9B34EF}.Release|Mixed Platforms.ActiveCfg = Release|Any CPU
		{31FE3C62-D46A-477C-B6BB-FC7D5A9B34EF}.Release|Mixed Platforms.Build.0 = Release|Any CPU
		{31FE3C62-D46A-477C-B6BB-FC7D5A9B34EF}.Release|x86.ActiveCfg = Release|x86
		{31FE3C62-D46A-477C-B6BB-FC7D5A9B34EF}.Release|x86.Build.0 = Release|x86
		{31FE3C62-D46A-477C-B6BB-FC7D5A9B34EF}.SingleImage|Any CPU.ActiveCfg = Release|Any CPU
		{31FE3C62-D46A-477C-B6BB-FC7D5A9B34EF}.SingleImage|Any CPU.Build.0 = Release|Any CPU
		{31FE3C62-D46A-477C-B6BB-FC7D5A9B34EF}.SingleImage|Mixed Platforms.ActiveCfg = Release|Any CPU
		{31FE3C62-D46A-477C-B6BB-FC7D5A9B34EF}.SingleImage|Mixed Platforms.Build.0 = Release|Any CPU
		{31FE3C62-D46A-477C-B6BB-FC7D5A9B34EF}.SingleImage|x86.ActiveCfg = Release|Any CPU
		{6E91F287-E02B-4D73-A24F-02FEF54BFDD4}.CD_ROM|Any CPU.ActiveCfg = Release|Any CPU
		{6E91F287-E02B-4D73-A24F-02FEF54BFDD4}.CD_ROM|Any CPU.Build.0 = Release|Any CPU
		{6E91F287-E02B-4D73-A24F-02FEF54BFDD4}.CD_ROM|Mixed Platforms.ActiveCfg = Release|Any CPU
		{6E91F287-E02B-4D73-A24F-02FEF54BFDD4}.CD_ROM|Mixed Platforms.Build.0 = Release|Any CPU
		{6E91F287-E02B-4D73-A24F-02FEF54BFDD4}.CD_ROM|x86.ActiveCfg = Release|Any CPU
		{6E91F287-E02B-4D73-A24F-02FEF54BFDD4}.Debug|Any CPU.ActiveCfg = Debug|Any CPU
		{6E91F287-E02B-4D73-A24F-02FEF54BFDD4}.Debug|Any CPU.Build.0 = Debug|Any CPU
		{6E91F287-E02B-4D73-A24F-02FEF54BFDD4}.Debug|Mixed Platforms.ActiveCfg = Debug|Any CPU
		{6E91F287-E02B-4D73-A24F-02FEF54BFDD4}.Debug|Mixed Platforms.Build.0 = Debug|Any CPU
		{6E91F287-E02B-4D73-A24F-02FEF54BFDD4}.Debug|x86.ActiveCfg = Debug|Any CPU
		{6E91F287-E02B-4D73-A24F-02FEF54BFDD4}.DVD-5|Any CPU.ActiveCfg = Debug|Any CPU
		{6E91F287-E02B-4D73-A24F-02FEF54BFDD4}.DVD-5|Any CPU.Build.0 = Debug|Any CPU
		{6E91F287-E02B-4D73-A24F-02FEF54BFDD4}.DVD-5|Mixed Platforms.ActiveCfg = Debug|Any CPU
		{6E91F287-E02B-4D73-A24F-02FEF54BFDD4}.DVD-5|Mixed Platforms.Build.0 = Debug|Any CPU
		{6E91F287-E02B-4D73-A24F-02FEF54BFDD4}.DVD-5|x86.ActiveCfg = Debug|Any CPU
		{6E91F287-E02B-4D73-A24F-02FEF54BFDD4}.Release|Any CPU.ActiveCfg = Release|Any CPU
		{6E91F287-E02B-4D73-A24F-02FEF54BFDD4}.Release|Any CPU.Build.0 = Release|Any CPU
		{6E91F287-E02B-4D73-A24F-02FEF54BFDD4}.Release|Mixed Platforms.ActiveCfg = Release|Any CPU
		{6E91F287-E02B-4D73-A24F-02FEF54BFDD4}.Release|Mixed Platforms.Build.0 = Release|Any CPU
		{6E91F287-E02B-4D73-A24F-02FEF54BFDD4}.Release|x86.ActiveCfg = Release|Any CPU
		{6E91F287-E02B-4D73-A24F-02FEF54BFDD4}.SingleImage|Any CPU.ActiveCfg = Release|Any CPU
		{6E91F287-E02B-4D73-A24F-02FEF54BFDD4}.SingleImage|Any CPU.Build.0 = Release|Any CPU
		{6E91F287-E02B-4D73-A24F-02FEF54BFDD4}.SingleImage|Mixed Platforms.ActiveCfg = Release|Any CPU
		{6E91F287-E02B-4D73-A24F-02FEF54BFDD4}.SingleImage|Mixed Platforms.Build.0 = Release|Any CPU
		{6E91F287-E02B-4D73-A24F-02FEF54BFDD4}.SingleImage|x86.ActiveCfg = Release|Any CPU
		{4D6696A0-7933-4835-8C55-8A177EF53ED3}.CD_ROM|Any CPU.ActiveCfg = Release|Any CPU
		{4D6696A0-7933-4835-8C55-8A177EF53ED3}.CD_ROM|Any CPU.Build.0 = Release|Any CPU
		{4D6696A0-7933-4835-8C55-8A177EF53ED3}.CD_ROM|Mixed Platforms.ActiveCfg = Release|Any CPU
		{4D6696A0-7933-4835-8C55-8A177EF53ED3}.CD_ROM|Mixed Platforms.Build.0 = Release|Any CPU
		{4D6696A0-7933-4835-8C55-8A177EF53ED3}.CD_ROM|x86.ActiveCfg = Release|Any CPU
		{4D6696A0-7933-4835-8C55-8A177EF53ED3}.Debug|Any CPU.ActiveCfg = Debug|Any CPU
		{4D6696A0-7933-4835-8C55-8A177EF53ED3}.Debug|Any CPU.Build.0 = Debug|Any CPU
		{4D6696A0-7933-4835-8C55-8A177EF53ED3}.Debug|Mixed Platforms.ActiveCfg = Debug|Any CPU
		{4D6696A0-7933-4835-8C55-8A177EF53ED3}.Debug|Mixed Platforms.Build.0 = Debug|Any CPU
		{4D6696A0-7933-4835-8C55-8A177EF53ED3}.Debug|x86.ActiveCfg = Debug|Any CPU
		{4D6696A0-7933-4835-8C55-8A177EF53ED3}.DVD-5|Any CPU.ActiveCfg = Debug|Any CPU
		{4D6696A0-7933-4835-8C55-8A177EF53ED3}.DVD-5|Any CPU.Build.0 = Debug|Any CPU
		{4D6696A0-7933-4835-8C55-8A177EF53ED3}.DVD-5|Mixed Platforms.ActiveCfg = Debug|Any CPU
		{4D6696A0-7933-4835-8C55-8A177EF53ED3}.DVD-5|Mixed Platforms.Build.0 = Debug|Any CPU
		{4D6696A0-7933-4835-8C55-8A177EF53ED3}.DVD-5|x86.ActiveCfg = Debug|Any CPU
		{4D6696A0-7933-4835-8C55-8A177EF53ED3}.Release|Any CPU.ActiveCfg = Release|Any CPU
		{4D6696A0-7933-4835-8C55-8A177EF53ED3}.Release|Any CPU.Build.0 = Release|Any CPU
		{4D6696A0-7933-4835-8C55-8A177EF53ED3}.Release|Mixed Platforms.ActiveCfg = Release|Any CPU
		{4D6696A0-7933-4835-8C55-8A177EF53ED3}.Release|Mixed Platforms.Build.0 = Release|Any CPU
		{4D6696A0-7933-4835-8C55-8A177EF53ED3}.Release|x86.ActiveCfg = Release|Any CPU
		{4D6696A0-7933-4835-8C55-8A177EF53ED3}.SingleImage|Any CPU.ActiveCfg = Release|Any CPU
		{4D6696A0-7933-4835-8C55-8A177EF53ED3}.SingleImage|Any CPU.Build.0 = Release|Any CPU
		{4D6696A0-7933-4835-8C55-8A177EF53ED3}.SingleImage|Mixed Platforms.ActiveCfg = Release|Any CPU
		{4D6696A0-7933-4835-8C55-8A177EF53ED3}.SingleImage|Mixed Platforms.Build.0 = Release|Any CPU
		{4D6696A0-7933-4835-8C55-8A177EF53ED3}.SingleImage|x86.ActiveCfg = Release|Any CPU
		{04639A9B-C7D0-4FCF-BC4B-3EDB68B786C2}.CD_ROM|Any CPU.ActiveCfg = Release|Any CPU
		{04639A9B-C7D0-4FCF-BC4B-3EDB68B786C2}.CD_ROM|Any CPU.Build.0 = Release|Any CPU
		{04639A9B-C7D0-4FCF-BC4B-3EDB68B786C2}.CD_ROM|Mixed Platforms.ActiveCfg = Release|x86
		{04639A9B-C7D0-4FCF-BC4B-3EDB68B786C2}.CD_ROM|Mixed Platforms.Build.0 = Release|x86
		{04639A9B-C7D0-4FCF-BC4B-3EDB68B786C2}.CD_ROM|x86.ActiveCfg = Release|x86
		{04639A9B-C7D0-4FCF-BC4B-3EDB68B786C2}.CD_ROM|x86.Build.0 = Release|x86
		{04639A9B-C7D0-4FCF-BC4B-3EDB68B786C2}.Debug|Any CPU.ActiveCfg = Debug|Any CPU
		{04639A9B-C7D0-4FCF-BC4B-3EDB68B786C2}.Debug|Any CPU.Build.0 = Debug|Any CPU
		{04639A9B-C7D0-4FCF-BC4B-3EDB68B786C2}.Debug|Mixed Platforms.ActiveCfg = Debug|x86
		{04639A9B-C7D0-4FCF-BC4B-3EDB68B786C2}.Debug|Mixed Platforms.Build.0 = Debug|x86
		{04639A9B-C7D0-4FCF-BC4B-3EDB68B786C2}.Debug|x86.ActiveCfg = Debug|x86
		{04639A9B-C7D0-4FCF-BC4B-3EDB68B786C2}.Debug|x86.Build.0 = Debug|x86
		{04639A9B-C7D0-4FCF-BC4B-3EDB68B786C2}.DVD-5|Any CPU.ActiveCfg = Debug|Any CPU
		{04639A9B-C7D0-4FCF-BC4B-3EDB68B786C2}.DVD-5|Any CPU.Build.0 = Debug|Any CPU
		{04639A9B-C7D0-4FCF-BC4B-3EDB68B786C2}.DVD-5|Mixed Platforms.ActiveCfg = Debug|x86
		{04639A9B-C7D0-4FCF-BC4B-3EDB68B786C2}.DVD-5|Mixed Platforms.Build.0 = Debug|x86
		{04639A9B-C7D0-4FCF-BC4B-3EDB68B786C2}.DVD-5|x86.ActiveCfg = Debug|x86
		{04639A9B-C7D0-4FCF-BC4B-3EDB68B786C2}.DVD-5|x86.Build.0 = Debug|x86
		{04639A9B-C7D0-4FCF-BC4B-3EDB68B786C2}.Release|Any CPU.ActiveCfg = Release|Any CPU
		{04639A9B-C7D0-4FCF-BC4B-3EDB68B786C2}.Release|Any CPU.Build.0 = Release|Any CPU
		{04639A9B-C7D0-4FCF-BC4B-3EDB68B786C2}.Release|Mixed Platforms.ActiveCfg = Release|x86
		{04639A9B-C7D0-4FCF-BC4B-3EDB68B786C2}.Release|Mixed Platforms.Build.0 = Release|x86
		{04639A9B-C7D0-4FCF-BC4B-3EDB68B786C2}.Release|x86.ActiveCfg = Release|x86
		{04639A9B-C7D0-4FCF-BC4B-3EDB68B786C2}.Release|x86.Build.0 = Release|x86
		{04639A9B-C7D0-4FCF-BC4B-3EDB68B786C2}.SingleImage|Any CPU.ActiveCfg = Release|Any CPU
		{04639A9B-C7D0-4FCF-BC4B-3EDB68B786C2}.SingleImage|Any CPU.Build.0 = Release|Any CPU
		{04639A9B-C7D0-4FCF-BC4B-3EDB68B786C2}.SingleImage|Mixed Platforms.ActiveCfg = Release|x86
		{04639A9B-C7D0-4FCF-BC4B-3EDB68B786C2}.SingleImage|Mixed Platforms.Build.0 = Release|x86
		{04639A9B-C7D0-4FCF-BC4B-3EDB68B786C2}.SingleImage|x86.ActiveCfg = Release|x86
		{04639A9B-C7D0-4FCF-BC4B-3EDB68B786C2}.SingleImage|x86.Build.0 = Release|x86
	EndGlobalSection
	GlobalSection(SolutionProperties) = preSolution
		HideSolutionNode = FALSE
	EndGlobalSection
	GlobalSection(NestedProjects) = preSolution
		{7DC6D269-BAAD-4C9C-8A66-00DB25E6D7DE} = {6F0B437B-A4E4-4991-B761-B79532D1EB14}
		{94CD8E82-E1FB-4DE2-951B-1F7580D69CF7} = {6F0B437B-A4E4-4991-B761-B79532D1EB14}
		{A893DF2F-C0B9-4742-A8A3-2B97962FF8F8} = {6F0B437B-A4E4-4991-B761-B79532D1EB14}
		{FB9E70CA-391D-4BCC-8B78-527CF89BBBA8} = {6F0B437B-A4E4-4991-B761-B79532D1EB14}
		{FA9D024A-0521-419C-A52E-2E87FAB9191D} = {6F0B437B-A4E4-4991-B761-B79532D1EB14}
		{79FCF649-9986-4EE9-8779-2BFAB11F0E95} = {52BE15DB-5CA2-4446-8EAE-F1D249B1E327}
		{E2F84097-85DE-496F-BFAF-287AE98E6975} = {52BE15DB-5CA2-4446-8EAE-F1D249B1E327}
		{95299AFF-B28F-46F6-BC6F-B8177C533044} = {D67C7674-6423-4B5B-8D2E-8BFFB18D04E7}
		{FA8E977A-CB4F-4CF9-85AE-B3BAEA7FD66E} = {D67C7674-6423-4B5B-8D2E-8BFFB18D04E7}
		{8EAE0BD9-511C-4E86-8673-B53BA9EFA380} = {D67C7674-6423-4B5B-8D2E-8BFFB18D04E7}
		{75D94AB4-8FB5-4F4E-8B1E-20A14E2D5AC7} = {F7529FFC-9615-4C04-9D73-4D382A56E1EC}
		{94B6669A-E374-4CCB-AB3C-5DFE87E73679} = {F7529FFC-9615-4C04-9D73-4D382A56E1EC}
		{A89148A6-F08D-4D9F-B478-39D1D2EED4EF} = {F7529FFC-9615-4C04-9D73-4D382A56E1EC}
		{6E91F287-E02B-4D73-A24F-02FEF54BFDD4} = {FA9D024A-0521-419C-A52E-2E87FAB9191D}
		{4D6696A0-7933-4835-8C55-8A177EF53ED3} = {FA9D024A-0521-419C-A52E-2E87FAB9191D}
		{04639A9B-C7D0-4FCF-BC4B-3EDB68B786C2} = {FA9D024A-0521-419C-A52E-2E87FAB9191D}
		{C708CB22-C3F3-4100-9C7A-68A6C1582630} = {E2F84097-85DE-496F-BFAF-287AE98E6975}
		{18B7D7FB-B5C0-48F1-A6D9-EC2432BED1DE} = {E2F84097-85DE-496F-BFAF-287AE98E6975}
		{51BA9260-B1D7-4146-B8CD-78F0C04B279A} = {E2F84097-85DE-496F-BFAF-287AE98E6975}
		{31FE3C62-D46A-477C-B6BB-FC7D5A9B34EF} = {E2F84097-85DE-496F-BFAF-287AE98E6975}
	EndGlobalSection
EndGlobal
